
Microsoft Visual Studio Solution File, Format Version 12.00
# Visual Studio Version 17
VisualStudioVersion = 17.3.32929.385
MinimumVisualStudioVersion = 10.0.40219.1
Project("{9A19103F-16F7-4668-BE54-9A1E7A4F7556}") = "PudelkoUnitTests", "UnitTests\PudelkoUnitTests.csproj", "{2C5A2B23-26D8-4008-A922-B946CFAEC1FF}"
	ProjectSection(ProjectDependencies) = postProject
		{5E0B19D4-491A-497F-9A58-744E6CCE9EF3} = {5E0B19D4-491A-497F-9A58-744E6CCE9EF3}
	EndProjectSection
EndProject
Project("{9A19103F-16F7-4668-BE54-9A1E7A4F7556}") = "PudelkoApp", "PudelkoApp\PudelkoApp.csproj", "{E4B63994-FF9D-48E4-A4E7-5F7400217E35}"
	ProjectSection(ProjectDependencies) = postProject
		{5E0B19D4-491A-497F-9A58-744E6CCE9EF3} = {5E0B19D4-491A-497F-9A58-744E6CCE9EF3}
	EndProjectSection
EndProject
Project("{9A19103F-16F7-4668-BE54-9A1E7A4F7556}") = "PudelkoLibrary", "PudelkoLibrary\PudelkoLibrary.csproj", "{5E0B19D4-491A-497F-9A58-744E6CCE9EF3}"
EndProject
Global
	GlobalSection(SolutionConfigurationPlatforms) = preSolution
		Debug|Any CPU = Debug|Any CPU
		Release|Any CPU = Release|Any CPU
	EndGlobalSection
	GlobalSection(ProjectConfigurationPlatforms) = postSolution
		{2C5A2B23-26D8-4008-A922-B946CFAEC1FF}.Debug|Any CPU.ActiveCfg = Debug|Any CPU
		{2C5A2B23-26D8-4008-A922-B946CFAEC1FF}.Debug|Any CPU.Build.0 = Debug|Any CPU
		{2C5A2B23-26D8-4008-A922-B946CFAEC1FF}.Release|Any CPU.ActiveCfg = Release|Any CPU
		{2C5A2B23-26D8-4008-A922-B946CFAEC1FF}.Release|Any CPU.Build.0 = Release|Any CPU
		{E4B63994-FF9D-48E4-A4E7-5F7400217E35}.Debug|Any CPU.ActiveCfg = Debug|Any CPU
		{E4B63994-FF9D-48E4-A4E7-5F7400217E35}.Debug|Any CPU.Build.0 = Debug|Any CPU
		{E4B63994-FF9D-48E4-A4E7-5F7400217E35}.Release|Any CPU.ActiveCfg = Release|Any CPU
		{E4B63994-FF9D-48E4-A4E7-5F7400217E35}.Release|Any CPU.Build.0 = Release|Any CPU
		{5E0B19D4-491A-497F-9A58-744E6CCE9EF3}.Debug|Any CPU.ActiveCfg = Debug|Any CPU
		{5E0B19D4-491A-497F-9A58-744E6CCE9EF3}.Debug|Any CPU.Build.0 = Debug|Any CPU
		{5E0B19D4-491A-497F-9A58-744E6CCE9EF3}.Release|Any CPU.ActiveCfg = Release|Any CPU
		{5E0B19D4-491A-497F-9A58-744E6CCE9EF3}.Release|Any CPU.Build.0 = Release|Any CPU
	EndGlobalSection
	GlobalSection(SolutionProperties) = preSolution
		HideSolutionNode = FALSE
	EndGlobalSection
	GlobalSection(ExtensibilityGlobals) = postSolution
		SolutionGuid = {17E042D2-BEDD-4D60-9DA5-FEADDAEA54B8}
	EndGlobalSection
EndGlobal
